
Microsoft Visual Studio Solution File, Format Version 12.00
# Visual Studio 15
VisualStudioVersion = 15.0.27004.2005
MinimumVisualStudioVersion = 10.0.40219.1
Project("{FAE04EC0-301F-11D3-BF4B-00C04F79EFBC}") = "Boquanquanly", "Boquanquanly\Boquanquanly.csproj", "{2BF7A87D-4C75-4246-8D8C-5B7A5CE10B31}"
EndProject
Project("{FAE04EC0-301F-11D3-BF4B-00C04F79EFBC}") = "Bophanbanhangtaichinhanh", "Bophanbanhangtaichinhanh\Bophanbanhangtaichinhanh.csproj", "{367BB81D-69B1-42F9-9B9C-2D77B1A38ABD}"
EndProject
Project("{FAE04EC0-301F-11D3-BF4B-00C04F79EFBC}") = "Hoatdongdathangtaitongdai", "HoatDongDatHangTaiTongDai\Hoatdongdathangtaitongdai.csproj", "{0893B864-4FA1-42AE-BF84-7D98C096894B}"
EndProject
Project("{FAE04EC0-301F-11D3-BF4B-00C04F79EFBC}") = "Gioithieuvadathang", "Gioithieuvadathang\Gioithieuvadathang.csproj", "{7DD87F2C-6649-4C51-BF84-2E6EAE802300}"
EndProject
Project("{FAE04EC0-301F-11D3-BF4B-00C04F79EFBC}") = "DTO", "DTO\DTO.csproj", "{01FFF7C7-927D-43C3-9083-0249D777EB10}"
EndProject
Project("{FAE04EC0-301F-11D3-BF4B-00C04F79EFBC}") = "DAL", "DAL\DAL.csproj", "{9287D005-3CC7-428C-A2DA-EFB8D6AFF53A}"
EndProject
Project("{FAE04EC0-301F-11D3-BF4B-00C04F79EFBC}") = "BUS", "BUS\BUS.csproj", "{CF6D2E3A-E704-46CF-84BF-4EDCDB29B747}"
EndProject
Global
	GlobalSection(SolutionConfigurationPlatforms) = preSolution
		Debug|Any CPU = Debug|Any CPU
		Release|Any CPU = Release|Any CPU
	EndGlobalSection
	GlobalSection(ProjectConfigurationPlatforms) = postSolution
		{2BF7A87D-4C75-4246-8D8C-5B7A5CE10B31}.Debug|Any CPU.ActiveCfg = Debug|Any CPU
		{2BF7A87D-4C75-4246-8D8C-5B7A5CE10B31}.Debug|Any CPU.Build.0 = Debug|Any CPU
		{2BF7A87D-4C75-4246-8D8C-5B7A5CE10B31}.Release|Any CPU.ActiveCfg = Release|Any CPU
		{2BF7A87D-4C75-4246-8D8C-5B7A5CE10B31}.Release|Any CPU.Build.0 = Release|Any CPU
		{367BB81D-69B1-42F9-9B9C-2D77B1A38ABD}.Debug|Any CPU.ActiveCfg = Debug|Any CPU
		{367BB81D-69B1-42F9-9B9C-2D77B1A38ABD}.Debug|Any CPU.Build.0 = Debug|Any CPU
		{367BB81D-69B1-42F9-9B9C-2D77B1A38ABD}.Release|Any CPU.ActiveCfg = Release|Any CPU
		{367BB81D-69B1-42F9-9B9C-2D77B1A38ABD}.Release|Any CPU.Build.0 = Release|Any CPU
		{0893B864-4FA1-42AE-BF84-7D98C096894B}.Debug|Any CPU.ActiveCfg = Debug|Any CPU
		{0893B864-4FA1-42AE-BF84-7D98C096894B}.Debug|Any CPU.Build.0 = Debug|Any CPU
		{0893B864-4FA1-42AE-BF84-7D98C096894B}.Release|Any CPU.ActiveCfg = Release|Any CPU
		{0893B864-4FA1-42AE-BF84-7D98C096894B}.Release|Any CPU.Build.0 = Release|Any CPU
		{7DD87F2C-6649-4C51-BF84-2E6EAE802300}.Debug|Any CPU.ActiveCfg = Debug|Any CPU
		{7DD87F2C-6649-4C51-BF84-2E6EAE802300}.Debug|Any CPU.Build.0 = Debug|Any CPU
		{7DD87F2C-6649-4C51-BF84-2E6EAE802300}.Release|Any CPU.ActiveCfg = Release|Any CPU
		{7DD87F2C-6649-4C51-BF84-2E6EAE802300}.Release|Any CPU.Build.0 = Release|Any CPU
		{01FFF7C7-927D-43C3-9083-0249D777EB10}.Debug|Any CPU.ActiveCfg = Debug|Any CPU
		{01FFF7C7-927D-43C3-9083-0249D777EB10}.Debug|Any CPU.Build.0 = Debug|Any CPU
		{01FFF7C7-927D-43C3-9083-0249D777EB10}.Release|Any CPU.ActiveCfg = Release|Any CPU
		{01FFF7C7-927D-43C3-9083-0249D777EB10}.Release|Any CPU.Build.0 = Release|Any CPU
		{9287D005-3CC7-428C-A2DA-EFB8D6AFF53A}.Debug|Any CPU.ActiveCfg = Debug|Any CPU
		{9287D005-3CC7-428C-A2DA-EFB8D6AFF53A}.Debug|Any CPU.Build.0 = Debug|Any CPU
		{9287D005-3CC7-428C-A2DA-EFB8D6AFF53A}.Release|Any CPU.ActiveCfg = Release|Any CPU
		{9287D005-3CC7-428C-A2DA-EFB8D6AFF53A}.Release|Any CPU.Build.0 = Release|Any CPU
		{CF6D2E3A-E704-46CF-84BF-4EDCDB29B747}.Debug|Any CPU.ActiveCfg = Debug|Any CPU
		{CF6D2E3A-E704-46CF-84BF-4EDCDB29B747}.Debug|Any CPU.Build.0 = Debug|Any CPU
		{CF6D2E3A-E704-46CF-84BF-4EDCDB29B747}.Release|Any CPU.ActiveCfg = Release|Any CPU
		{CF6D2E3A-E704-46CF-84BF-4EDCDB29B747}.Release|Any CPU.Build.0 = Release|Any CPU
	EndGlobalSection
	GlobalSection(SolutionProperties) = preSolution
		HideSolutionNode = FALSE
	EndGlobalSection
	GlobalSection(ExtensibilityGlobals) = postSolution
		SolutionGuid = {22CF9596-BD69-4D4C-9D49-BBDD50A7BC1F}
	EndGlobalSection
EndGlobal
